{
  "version": 4,
  "terraform_version": "1.5.4",
  "serial": 27,
  "lineage": "685b871f-fa24-0c26-9fad-b797f16cd1a5",
  "outputs": {},
  "resources": [
    {
      "mode": "managed",
      "type": "confluent_api_key",
      "name": "tf_cluster_admin_apikey",
      "provider": "provider[\"registry.terraform.io/confluentinc/confluent\"]",
      "instances": [
        {
          "schema_version": 0,
          "attributes": {
            "description": "Kafka API Key that is owned by 'tf_cluster_admin' service account",
            "disable_wait_for_ready": false,
            "display_name": "tf_cluster_admin_apikey",
            "id": "CH6RQYKLAHZPSS5U",
            "managed_resource": [
              {
                "api_version": "cmk/v2",
                "environment": [
                  {
                    "id": "env-97ryr0"
                  }
                ],
                "id": "lkc-19y636",
                "kind": "Cluster"
              }
            ],
            "owner": [
              {
                "api_version": "iam/v2",
                "id": "sa-250mn1",
                "kind": "ServiceAccount"
              }
            ],
            "secret": "YDgd9jKQEC+5JCYkfE1z9N9XqsEbW1AhBu2JXbGv6zC5q43rxmwfdq87QKDg/vnd"
          },
          "sensitive_attributes": [],
          "private": "bnVsbA==",
          "dependencies": [
            "confluent_kafka_cluster.basic",
            "confluent_service_account.tf_cluster_admin"
          ]
        }
      ]
    },
    {
      "mode": "managed",
      "type": "confluent_kafka_cluster",
      "name": "basic",
      "provider": "provider[\"registry.terraform.io/confluentinc/confluent\"]",
      "instances": [
        {
          "schema_version": 1,
          "attributes": {
            "api_version": "cmk/v2",
            "availability": "SINGLE_ZONE",
            "basic": [
              {}
            ],
            "bootstrap_endpoint": "SASL_SSL://pkc-ymrq7.us-east-2.aws.confluent.cloud:9092",
            "byok_key": [
              {
                "id": ""
              }
            ],
            "cloud": "AWS",
            "dedicated": [],
            "display_name": "Gaming Platform Unlocked",
            "environment": [
              {
                "id": "env-97ryr0"
              }
            ],
            "id": "lkc-19y636",
            "kind": "Cluster",
            "network": [
              {
                "id": ""
              }
            ],
            "rbac_crn": "crn://confluent.cloud/organization=5f242057-6c74-4ba5-9942-60d363203b93/environment=env-97ryr0/cloud-cluster=lkc-19y636",
            "region": "us-east-2",
            "rest_endpoint": "https://pkc-ymrq7.us-east-2.aws.confluent.cloud:443",
            "standard": [],
            "timeouts": null
          },
          "sensitive_attributes": [],
          "private": "eyJlMmJmYjczMC1lY2FhLTExZTYtOGY4OC0zNDM2M2JjN2M0YzAiOnsiY3JlYXRlIjoyNTkyMDAwMDAwMDAwMDAsInVwZGF0ZSI6MjU5MjAwMDAwMDAwMDAwfSwic2NoZW1hX3ZlcnNpb24iOiIxIn0="
        }
      ]
    },
    {
      "mode": "managed",
      "type": "confluent_kafka_topic",
      "name": "game_transactions",
      "provider": "provider[\"registry.terraform.io/confluentinc/confluent\"]",
      "instances": [
        {
          "schema_version": 2,
          "attributes": {
            "config": {},
            "credentials": [
              {
                "key": "CH6RQYKLAHZPSS5U",
                "secret": "YDgd9jKQEC+5JCYkfE1z9N9XqsEbW1AhBu2JXbGv6zC5q43rxmwfdq87QKDg/vnd"
              }
            ],
            "id": "lkc-19y636/game_transactions",
            "kafka_cluster": [
              {
                "id": "lkc-19y636"
              }
            ],
            "partitions_count": 6,
            "rest_endpoint": "https://pkc-ymrq7.us-east-2.aws.confluent.cloud:443",
            "topic_name": "game_transactions"
          },
          "sensitive_attributes": [
            [
              {
                "type": "get_attr",
                "value": "credentials"
              },
              {
                "type": "index",
                "value": {
                  "value": 0,
                  "type": "number"
                }
              },
              {
                "type": "get_attr",
                "value": "secret"
              }
            ]
          ],
          "private": "eyJzY2hlbWFfdmVyc2lvbiI6IjIifQ==",
          "dependencies": [
            "confluent_api_key.tf_cluster_admin_apikey",
            "confluent_kafka_cluster.basic",
            "confluent_service_account.tf_cluster_admin"
          ]
        }
      ]
    },
    {
      "mode": "managed",
      "type": "confluent_kafka_topic",
      "name": "txn_raw",
      "provider": "provider[\"registry.terraform.io/confluentinc/confluent\"]",
      "instances": [
        {
          "schema_version": 2,
          "attributes": {
            "config": {},
            "credentials": [
              {
                "key": "CH6RQYKLAHZPSS5U",
                "secret": "YDgd9jKQEC+5JCYkfE1z9N9XqsEbW1AhBu2JXbGv6zC5q43rxmwfdq87QKDg/vnd"
              }
            ],
            "id": "lkc-19y636/txn_raw",
            "kafka_cluster": [
              {
                "id": "lkc-19y636"
              }
            ],
            "partitions_count": 6,
            "rest_endpoint": "https://pkc-ymrq7.us-east-2.aws.confluent.cloud:443",
            "topic_name": "txn_raw"
          },
          "sensitive_attributes": [
            [
              {
                "type": "get_attr",
                "value": "credentials"
              },
              {
                "type": "index",
                "value": {
                  "value": 0,
                  "type": "number"
                }
              },
              {
                "type": "get_attr",
                "value": "secret"
              }
            ]
          ],
          "private": "eyJzY2hlbWFfdmVyc2lvbiI6IjIifQ==",
          "dependencies": [
            "confluent_api_key.tf_cluster_admin_apikey",
            "confluent_kafka_cluster.basic"
          ]
        }
      ]
    },
    {
      "mode": "managed",
      "type": "confluent_ksql_cluster",
      "name": "ksql_cluster_1",
      "provider": "provider[\"registry.terraform.io/confluentinc/confluent\"]",
      "instances": [
        {
          "schema_version": 0,
          "attributes": {
            "api_version": "ksqldbcm/v2",
            "credential_identity": [
              {
                "id": "sa-250mn1"
              }
            ],
            "csu": 4,
            "display_name": "ksql_cluster_1",
            "environment": [
              {
                "id": "env-97ryr0"
              }
            ],
            "id": "lksqlc-z3kzw3",
            "kafka_cluster": [
              {
                "id": "lkc-19y636"
              }
            ],
            "kind": "Cluster",
            "resource_name": "crn://confluent.cloud/organization=5f242057-6c74-4ba5-9942-60d363203b93/environment=env-97ryr0/cloud-cluster=lkc-19y636/ksql=ksql_cluster_1",
            "rest_endpoint": "https://pksqlc-w381g.us-east-2.aws.confluent.cloud:443",
            "storage": 500,
            "timeouts": null,
            "topic_prefix": "pksqlc-w381g",
            "use_detailed_processing_log": true
          },
          "sensitive_attributes": [],
          "private": "eyJlMmJmYjczMC1lY2FhLTExZTYtOGY4OC0zNDM2M2JjN2M0YzAiOnsiY3JlYXRlIjo0MzIwMDAwMDAwMDAwMH19",
          "dependencies": [
            "confluent_kafka_cluster.basic",
            "confluent_service_account.tf_cluster_admin"
          ]
        }
      ]
    },
    {
      "mode": "managed",
      "type": "confluent_role_binding",
      "name": "tf_cluster_admin-kafka-cluster-admin",
      "provider": "provider[\"registry.terraform.io/confluentinc/confluent\"]",
      "instances": [
        {
          "schema_version": 0,
          "attributes": {
            "crn_pattern": "crn://confluent.cloud/organization=5f242057-6c74-4ba5-9942-60d363203b93/environment=env-97ryr0/cloud-cluster=lkc-19y636",
            "id": "rb-e8oNy",
            "principal": "User:sa-250mn1",
            "role_name": "CloudClusterAdmin"
          },
          "sensitive_attributes": [],
          "private": "bnVsbA==",
          "dependencies": [
            "confluent_kafka_cluster.basic",
            "confluent_service_account.tf_cluster_admin"
          ]
        }
      ]
    },
    {
      "mode": "managed",
      "type": "confluent_service_account",
      "name": "tf_cluster_admin",
      "provider": "provider[\"registry.terraform.io/confluentinc/confluent\"]",
      "instances": [
        {
          "schema_version": 0,
          "attributes": {
            "api_version": "iam/v2",
            "description": "terraform cluster admin service account",
            "display_name": "tf_cluster_admin",
            "id": "sa-250mn1",
            "kind": "ServiceAccount"
          },
          "sensitive_attributes": [],
          "private": "bnVsbA=="
        }
      ]
    }
  ],
  "check_results": null
}
