{
  "version": 4,
  "terraform_version": "1.5.4",
  "serial": 27,
  "lineage": "429c32c2-f6e2-d05e-9d95-9dd445e57d78",
  "outputs": {
    "bootstrap_servers": {
      "value": "SASL_SSL://pkc-l7pr2.ap-south-1.aws.confluent.cloud:9092",
      "type": "string"
    },
    "client_api_key": {
      "value": "ANEXNLPCC3VKDOIC",
      "type": "string"
    },
    "client_api_secret": {
      "value": "LcZvNW/vk3XgOYjqjZMvEI3BWkkw6yeoq7xoGmX3VSqgQ2qYinhJwW7bsm3LjxOI",
      "type": "string",
      "sensitive": true
    },
    "env_api_key": {
      "value": "6BAXBHCKOZBKULLP",
      "type": "string"
    },
    "env_api_secret": {
      "value": "MsX2pdup+eBArSHsTowAyFf4SIGDRhyQcKrDH9ak13aF64GhOsGPfP96Xfg4Sc/E",
      "type": "string",
      "sensitive": true
    },
    "schema_registry_url": {
      "value": "https://psrc-4r3xk.us-east-2.aws.confluent.cloud",
      "type": "string"
    }
  },
  "resources": [
    {
      "mode": "data",
      "type": "confluent_schema",
      "name": "player-health",
      "provider": "provider[\"registry.terraform.io/confluentinc/confluent\"]",
      "instances": [
        {
          "schema_version": 0,
          "attributes": {
            "credentials": [
              {
                "key": "6BAXBHCKOZBKULLP",
                "secret": "MsX2pdup+eBArSHsTowAyFf4SIGDRhyQcKrDH9ak13aF64GhOsGPfP96Xfg4Sc/E"
              }
            ],
            "format": "AVRO",
            "hard_delete": false,
            "id": "lsrc-dgryqy/player-health/100002",
            "recreate_on_update": true,
            "rest_endpoint": "https://psrc-4r3xk.us-east-2.aws.confluent.cloud",
            "schema": "{\"type\":\"record\",\"name\":\"PlayerHealth\",\"namespace\":\"io.confluent.developer.avro\",\"fields\":[{\"name\":\"player_id\",\"type\":\"string\"},{\"name\":\"health\",\"type\":\"int\"},{\"name\":\"timestamp\",\"type\":\"long\"}]}",
            "schema_identifier": 100002,
            "schema_reference": [],
            "schema_registry_cluster": [
              {
                "id": "lsrc-dgryqy"
              }
            ],
            "subject_name": "player-health",
            "version": 1
          },
          "sensitive_attributes": [
            [
              {
                "type": "get_attr",
                "value": "credentials"
              },
              {
                "type": "index",
                "value": {
                  "value": 0,
                  "type": "number"
                }
              },
              {
                "type": "get_attr",
                "value": "secret"
              }
            ]
          ]
        }
      ]
    },
    {
      "mode": "data",
      "type": "confluent_schema",
      "name": "player-position",
      "provider": "provider[\"registry.terraform.io/confluentinc/confluent\"]",
      "instances": [
        {
          "schema_version": 0,
          "attributes": {
            "credentials": [
              {
                "key": "6BAXBHCKOZBKULLP",
                "secret": "MsX2pdup+eBArSHsTowAyFf4SIGDRhyQcKrDH9ak13aF64GhOsGPfP96Xfg4Sc/E"
              }
            ],
            "format": "AVRO",
            "hard_delete": false,
            "id": "lsrc-dgryqy/player-position/100001",
            "recreate_on_update": true,
            "rest_endpoint": "https://psrc-4r3xk.us-east-2.aws.confluent.cloud",
            "schema": "{\"type\":\"record\",\"name\":\"PlayerPosition\",\"namespace\":\"io.confluent.developer.avro\",\"fields\":[{\"name\":\"player_id\",\"type\":\"string\"},{\"name\":\"x\",\"type\":\"float\"},{\"name\":\"y\",\"type\":\"float\"}]}",
            "schema_identifier": 100001,
            "schema_reference": [],
            "schema_registry_cluster": [
              {
                "id": "lsrc-dgryqy"
              }
            ],
            "subject_name": "player-position",
            "version": 1
          },
          "sensitive_attributes": [
            [
              {
                "type": "get_attr",
                "value": "credentials"
              },
              {
                "type": "index",
                "value": {
                  "value": 0,
                  "type": "number"
                }
              },
              {
                "type": "get_attr",
                "value": "secret"
              }
            ]
          ]
        }
      ]
    },
    {
      "mode": "data",
      "type": "confluent_schema_registry_region",
      "name": "essentials",
      "provider": "provider[\"registry.terraform.io/confluentinc/confluent\"]",
      "instances": [
        {
          "schema_version": 0,
          "attributes": {
            "cloud": "AWS",
            "id": "sgreg-1",
            "package": "ESSENTIALS",
            "region": "us-east-2"
          },
          "sensitive_attributes": []
        }
      ]
    },
    {
      "mode": "managed",
      "type": "confluent_api_key",
      "name": "env-manager-schema-registry-api-key",
      "provider": "provider[\"registry.terraform.io/confluentinc/confluent\"]",
      "instances": [
        {
          "schema_version": 0,
          "attributes": {
            "description": "Schema Registry API Key that is owned by 'env-manager' service account",
            "disable_wait_for_ready": false,
            "display_name": "env-manager-schema-registry-api-key",
            "id": "6BAXBHCKOZBKULLP",
            "managed_resource": [
              {
                "api_version": "srcm/v2",
                "environment": [
                  {
                    "id": "env-kn5n96"
                  }
                ],
                "id": "lsrc-dgryqy",
                "kind": "Cluster"
              }
            ],
            "owner": [
              {
                "api_version": "iam/v2",
                "id": "sa-qzd9p7",
                "kind": "ServiceAccount"
              }
            ],
            "secret": "MsX2pdup+eBArSHsTowAyFf4SIGDRhyQcKrDH9ak13aF64GhOsGPfP96Xfg4Sc/E"
          },
          "sensitive_attributes": [],
          "private": "bnVsbA==",
          "dependencies": [
            "confluent_environment.development",
            "confluent_role_binding.env-manager-environment-admin",
            "confluent_schema_registry_cluster.essentials",
            "confluent_service_account.env-manager",
            "data.confluent_schema_registry_region.essentials"
          ]
        }
      ]
    },
    {
      "mode": "managed",
      "type": "confluent_api_key",
      "name": "tf_cluster_admin_apikey",
      "provider": "provider[\"registry.terraform.io/confluentinc/confluent\"]",
      "instances": [
        {
          "schema_version": 0,
          "attributes": {
            "description": "Kafka API Key that is owned by 'tf_cluster_admin' service account",
            "disable_wait_for_ready": false,
            "display_name": "tf_cluster_admin_apikey",
            "id": "ANEXNLPCC3VKDOIC",
            "managed_resource": [
              {
                "api_version": "cmk/v2",
                "environment": [
                  {
                    "id": "env-kn5n96"
                  }
                ],
                "id": "lkc-5m2vrn",
                "kind": "Cluster"
              }
            ],
            "owner": [
              {
                "api_version": "iam/v2",
                "id": "sa-g1dj9r",
                "kind": "ServiceAccount"
              }
            ],
            "secret": "LcZvNW/vk3XgOYjqjZMvEI3BWkkw6yeoq7xoGmX3VSqgQ2qYinhJwW7bsm3LjxOI"
          },
          "sensitive_attributes": [],
          "private": "bnVsbA==",
          "dependencies": [
            "confluent_environment.development",
            "confluent_kafka_cluster.basic",
            "confluent_service_account.tf_cluster_admin"
          ]
        }
      ]
    },
    {
      "mode": "managed",
      "type": "confluent_environment",
      "name": "development",
      "provider": "provider[\"registry.terraform.io/confluentinc/confluent\"]",
      "instances": [
        {
          "schema_version": 0,
          "attributes": {
            "display_name": "GithubRepo",
            "id": "env-kn5n96",
            "resource_name": "crn://confluent.cloud/organization=c038a54b-becb-439b-b89d-d34e1f30be77/environment=env-kn5n96"
          },
          "sensitive_attributes": [],
          "private": "bnVsbA=="
        }
      ]
    },
    {
      "mode": "managed",
      "type": "confluent_kafka_cluster",
      "name": "basic",
      "provider": "provider[\"registry.terraform.io/confluentinc/confluent\"]",
      "instances": [
        {
          "schema_version": 1,
          "attributes": {
            "api_version": "cmk/v2",
            "availability": "SINGLE_ZONE",
            "basic": [
              {}
            ],
            "bootstrap_endpoint": "SASL_SSL://pkc-l7pr2.ap-south-1.aws.confluent.cloud:9092",
            "byok_key": [
              {
                "id": ""
              }
            ],
            "cloud": "AWS",
            "dedicated": [],
            "display_name": "Gaming Platform Unlocked",
            "environment": [
              {
                "id": "env-kn5n96"
              }
            ],
            "id": "lkc-5m2vrn",
            "kind": "Cluster",
            "network": [
              {
                "id": ""
              }
            ],
            "rbac_crn": "crn://confluent.cloud/organization=c038a54b-becb-439b-b89d-d34e1f30be77/environment=env-kn5n96/cloud-cluster=lkc-5m2vrn",
            "region": "ap-south-1",
            "rest_endpoint": "https://pkc-l7pr2.ap-south-1.aws.confluent.cloud:443",
            "standard": [],
            "timeouts": null
          },
          "sensitive_attributes": [],
          "private": "eyJlMmJmYjczMC1lY2FhLTExZTYtOGY4OC0zNDM2M2JjN2M0YzAiOnsiY3JlYXRlIjoyNTkyMDAwMDAwMDAwMDAsInVwZGF0ZSI6MjU5MjAwMDAwMDAwMDAwfSwic2NoZW1hX3ZlcnNpb24iOiIxIn0=",
          "dependencies": [
            "confluent_environment.development"
          ]
        }
      ]
    },
    {
      "mode": "managed",
      "type": "confluent_kafka_topic",
      "name": "game-events",
      "provider": "provider[\"registry.terraform.io/confluentinc/confluent\"]",
      "instances": [
        {
          "schema_version": 2,
          "attributes": {
            "config": {},
            "credentials": [
              {
                "key": "ANEXNLPCC3VKDOIC",
                "secret": "LcZvNW/vk3XgOYjqjZMvEI3BWkkw6yeoq7xoGmX3VSqgQ2qYinhJwW7bsm3LjxOI"
              }
            ],
            "id": "lkc-5m2vrn/game-events",
            "kafka_cluster": [
              {
                "id": "lkc-5m2vrn"
              }
            ],
            "partitions_count": 6,
            "rest_endpoint": "https://pkc-l7pr2.ap-south-1.aws.confluent.cloud:443",
            "topic_name": "game-events"
          },
          "sensitive_attributes": [
            [
              {
                "type": "get_attr",
                "value": "credentials"
              },
              {
                "type": "index",
                "value": {
                  "value": 0,
                  "type": "number"
                }
              },
              {
                "type": "get_attr",
                "value": "secret"
              }
            ]
          ],
          "private": "eyJzY2hlbWFfdmVyc2lvbiI6IjIifQ==",
          "dependencies": [
            "confluent_api_key.tf_cluster_admin_apikey",
            "confluent_environment.development",
            "confluent_kafka_cluster.basic",
            "confluent_service_account.tf_cluster_admin"
          ]
        }
      ]
    },
    {
      "mode": "managed",
      "type": "confluent_ksql_cluster",
      "name": "ksql_cluster_1",
      "provider": "provider[\"registry.terraform.io/confluentinc/confluent\"]",
      "instances": [
        {
          "schema_version": 0,
          "attributes": {
            "api_version": "ksqldbcm/v2",
            "credential_identity": [
              {
                "id": "sa-g1dj9r"
              }
            ],
            "csu": 4,
            "display_name": "ksql_cluster_1",
            "environment": [
              {
                "id": "env-kn5n96"
              }
            ],
            "id": "lksqlc-3njgzj",
            "kafka_cluster": [
              {
                "id": "lkc-5m2vrn"
              }
            ],
            "kind": "Cluster",
            "resource_name": "crn://confluent.cloud/organization=c038a54b-becb-439b-b89d-d34e1f30be77/environment=env-kn5n96/cloud-cluster=lkc-5m2vrn/ksql=ksql_cluster_1",
            "rest_endpoint": "https://pksqlc-5p5y2.ap-south-1.aws.confluent.cloud:443",
            "storage": 500,
            "timeouts": null,
            "topic_prefix": "pksqlc-5p5y2",
            "use_detailed_processing_log": true
          },
          "sensitive_attributes": [],
          "private": "eyJlMmJmYjczMC1lY2FhLTExZTYtOGY4OC0zNDM2M2JjN2M0YzAiOnsiY3JlYXRlIjo0MzIwMDAwMDAwMDAwMH19",
          "dependencies": [
            "confluent_environment.development",
            "confluent_kafka_cluster.basic",
            "confluent_service_account.tf_cluster_admin"
          ]
        }
      ]
    },
    {
      "mode": "managed",
      "type": "confluent_role_binding",
      "name": "env-manager-environment-admin",
      "provider": "provider[\"registry.terraform.io/confluentinc/confluent\"]",
      "instances": [
        {
          "schema_version": 0,
          "attributes": {
            "crn_pattern": "crn://confluent.cloud/organization=c038a54b-becb-439b-b89d-d34e1f30be77/environment=env-kn5n96",
            "id": "rb-P8eeA",
            "principal": "User:sa-qzd9p7",
            "role_name": "EnvironmentAdmin"
          },
          "sensitive_attributes": [],
          "private": "bnVsbA==",
          "dependencies": [
            "confluent_environment.development",
            "confluent_service_account.env-manager"
          ]
        }
      ]
    },
    {
      "mode": "managed",
      "type": "confluent_role_binding",
      "name": "tf_cluster_admin-kafka-cluster-admin",
      "provider": "provider[\"registry.terraform.io/confluentinc/confluent\"]",
      "instances": [
        {
          "schema_version": 0,
          "attributes": {
            "crn_pattern": "crn://confluent.cloud/organization=c038a54b-becb-439b-b89d-d34e1f30be77/environment=env-kn5n96/cloud-cluster=lkc-5m2vrn",
            "id": "rb-K8YY9",
            "principal": "User:sa-g1dj9r",
            "role_name": "CloudClusterAdmin"
          },
          "sensitive_attributes": [],
          "private": "bnVsbA==",
          "dependencies": [
            "confluent_environment.development",
            "confluent_kafka_cluster.basic",
            "confluent_service_account.tf_cluster_admin"
          ]
        }
      ]
    },
    {
      "mode": "managed",
      "type": "confluent_schema",
      "name": "game-events",
      "provider": "provider[\"registry.terraform.io/confluentinc/confluent\"]",
      "instances": [
        {
          "schema_version": 0,
          "attributes": {
            "credentials": [
              {
                "key": "6BAXBHCKOZBKULLP",
                "secret": "MsX2pdup+eBArSHsTowAyFf4SIGDRhyQcKrDH9ak13aF64GhOsGPfP96Xfg4Sc/E"
              }
            ],
            "format": "AVRO",
            "hard_delete": false,
            "id": "lsrc-dgryqy/game-events-value/latest",
            "recreate_on_update": false,
            "rest_endpoint": "https://psrc-4r3xk.us-east-2.aws.confluent.cloud",
            "schema": "[\n    \"io.confluent.developer.avro.PlayerHealth\",\n    \"io.confluent.developer.avro.PlayerPosition\"\n]",
            "schema_identifier": 100003,
            "schema_reference": [
              {
                "name": "PlayerHealth",
                "subject_name": "player-health",
                "version": 1
              },
              {
                "name": "PlayerPosition",
                "subject_name": "player-position",
                "version": 1
              }
            ],
            "schema_registry_cluster": [
              {
                "id": "lsrc-dgryqy"
              }
            ],
            "subject_name": "game-events-value",
            "version": 1
          },
          "sensitive_attributes": [
            [
              {
                "type": "get_attr",
                "value": "credentials"
              },
              {
                "type": "index",
                "value": {
                  "value": 0,
                  "type": "number"
                }
              },
              {
                "type": "get_attr",
                "value": "secret"
              }
            ]
          ],
          "private": "bnVsbA==",
          "dependencies": [
            "confluent_api_key.env-manager-schema-registry-api-key",
            "confluent_api_key.tf_cluster_admin_apikey",
            "confluent_environment.development",
            "confluent_kafka_cluster.basic",
            "confluent_kafka_topic.game-events",
            "confluent_role_binding.env-manager-environment-admin",
            "confluent_schema.player-health",
            "confluent_schema.player-position",
            "confluent_schema_registry_cluster.essentials",
            "confluent_service_account.env-manager",
            "confluent_service_account.tf_cluster_admin",
            "data.confluent_schema.player-health",
            "data.confluent_schema.player-position",
            "data.confluent_schema_registry_region.essentials"
          ]
        }
      ]
    },
    {
      "mode": "managed",
      "type": "confluent_schema",
      "name": "player-health",
      "provider": "provider[\"registry.terraform.io/confluentinc/confluent\"]",
      "instances": [
        {
          "schema_version": 0,
          "attributes": {
            "credentials": [
              {
                "key": "6BAXBHCKOZBKULLP",
                "secret": "MsX2pdup+eBArSHsTowAyFf4SIGDRhyQcKrDH9ak13aF64GhOsGPfP96Xfg4Sc/E"
              }
            ],
            "format": "AVRO",
            "hard_delete": false,
            "id": "lsrc-dgryqy/player-health/latest",
            "recreate_on_update": false,
            "rest_endpoint": "https://psrc-4r3xk.us-east-2.aws.confluent.cloud",
            "schema": "{\n    \"type\": \"record\",\n    \"namespace\": \"io.confluent.developer.avro\",\n    \"name\": \"PlayerHealth\",\n    \"fields\": [\n        {\n            \"name\": \"player_id\",\n            \"type\": \"string\"\n        },\n        {\n            \"name\": \"health\",\n            \"type\": \"int\"\n        },\n        {\n            \"name\": \"timestamp\",\n            \"type\": \"long\"\n        }\n    ]\n}",
            "schema_identifier": 100002,
            "schema_reference": [],
            "schema_registry_cluster": [
              {
                "id": "lsrc-dgryqy"
              }
            ],
            "subject_name": "player-health",
            "version": 1
          },
          "sensitive_attributes": [
            [
              {
                "type": "get_attr",
                "value": "credentials"
              },
              {
                "type": "index",
                "value": {
                  "value": 0,
                  "type": "number"
                }
              },
              {
                "type": "get_attr",
                "value": "secret"
              }
            ]
          ],
          "private": "bnVsbA==",
          "dependencies": [
            "confluent_api_key.env-manager-schema-registry-api-key",
            "confluent_environment.development",
            "confluent_role_binding.env-manager-environment-admin",
            "confluent_schema_registry_cluster.essentials",
            "confluent_service_account.env-manager",
            "data.confluent_schema_registry_region.essentials"
          ]
        }
      ]
    },
    {
      "mode": "managed",
      "type": "confluent_schema",
      "name": "player-position",
      "provider": "provider[\"registry.terraform.io/confluentinc/confluent\"]",
      "instances": [
        {
          "schema_version": 0,
          "attributes": {
            "credentials": [
              {
                "key": "6BAXBHCKOZBKULLP",
                "secret": "MsX2pdup+eBArSHsTowAyFf4SIGDRhyQcKrDH9ak13aF64GhOsGPfP96Xfg4Sc/E"
              }
            ],
            "format": "AVRO",
            "hard_delete": false,
            "id": "lsrc-dgryqy/player-position/latest",
            "recreate_on_update": false,
            "rest_endpoint": "https://psrc-4r3xk.us-east-2.aws.confluent.cloud",
            "schema": "{\n    \"type\": \"record\",\n    \"namespace\": \"io.confluent.developer.avro\",\n    \"name\": \"PlayerPosition\",\n    \"fields\": [\n        {\n            \"name\": \"player_id\",\n            \"type\": \"string\"\n        },\n        {\n            \"name\": \"x\",\n            \"type\": \"float\"\n        },\n        {\n            \"name\": \"y\",\n            \"type\": \"float\"\n        }\n    ]\n}",
            "schema_identifier": 100001,
            "schema_reference": [],
            "schema_registry_cluster": [
              {
                "id": "lsrc-dgryqy"
              }
            ],
            "subject_name": "player-position",
            "version": 1
          },
          "sensitive_attributes": [
            [
              {
                "type": "get_attr",
                "value": "credentials"
              },
              {
                "type": "index",
                "value": {
                  "value": 0,
                  "type": "number"
                }
              },
              {
                "type": "get_attr",
                "value": "secret"
              }
            ]
          ],
          "private": "bnVsbA==",
          "dependencies": [
            "confluent_api_key.env-manager-schema-registry-api-key",
            "confluent_environment.development",
            "confluent_role_binding.env-manager-environment-admin",
            "confluent_schema_registry_cluster.essentials",
            "confluent_service_account.env-manager",
            "data.confluent_schema_registry_region.essentials"
          ]
        }
      ]
    },
    {
      "mode": "managed",
      "type": "confluent_schema_registry_cluster",
      "name": "essentials",
      "provider": "provider[\"registry.terraform.io/confluentinc/confluent\"]",
      "instances": [
        {
          "schema_version": 0,
          "attributes": {
            "api_version": "srcm/v2",
            "display_name": "Stream Governance Package",
            "environment": [
              {
                "id": "env-kn5n96"
              }
            ],
            "id": "lsrc-dgryqy",
            "kind": "Cluster",
            "package": "ESSENTIALS",
            "region": [
              {
                "id": "sgreg-1"
              }
            ],
            "resource_name": "crn://confluent.cloud/organization=c038a54b-becb-439b-b89d-d34e1f30be77/environment=env-kn5n96/schema-registry=lsrc-dgryqy",
            "rest_endpoint": "https://psrc-4r3xk.us-east-2.aws.confluent.cloud"
          },
          "sensitive_attributes": [],
          "private": "bnVsbA==",
          "dependencies": [
            "confluent_environment.development",
            "data.confluent_schema_registry_region.essentials"
          ]
        }
      ]
    },
    {
      "mode": "managed",
      "type": "confluent_service_account",
      "name": "env-manager",
      "provider": "provider[\"registry.terraform.io/confluentinc/confluent\"]",
      "instances": [
        {
          "schema_version": 0,
          "attributes": {
            "api_version": "iam/v2",
            "description": "Service account to manage 'Staging' environment",
            "display_name": "env-manager",
            "id": "sa-qzd9p7",
            "kind": "ServiceAccount"
          },
          "sensitive_attributes": [],
          "private": "bnVsbA=="
        }
      ]
    },
    {
      "mode": "managed",
      "type": "confluent_service_account",
      "name": "tf_cluster_admin",
      "provider": "provider[\"registry.terraform.io/confluentinc/confluent\"]",
      "instances": [
        {
          "schema_version": 0,
          "attributes": {
            "api_version": "iam/v2",
            "description": "terraform cluster admin service account",
            "display_name": "tf_cluster_admin",
            "id": "sa-g1dj9r",
            "kind": "ServiceAccount"
          },
          "sensitive_attributes": [],
          "private": "bnVsbA=="
        }
      ]
    }
  ],
  "check_results": null
}
