{
  "version": 4,
  "terraform_version": "1.5.4",
  "serial": 63,
  "lineage": "685b871f-fa24-0c26-9fad-b797f16cd1a5",
  "outputs": {
    "bootstrap_servers": {
      "value": "SASL_SSL://pkc-921jm.us-east-2.aws.confluent.cloud:9092",
      "type": "string"
    },
    "client_api_key": {
      "value": "P7YABYMXUIBEFIYH",
      "type": "string"
    },
    "client_api_secret": {
      "value": "Mo8jWtUBPHqzg/lWbLj2k54xPulLy8m09SX2FWowcGm355jTNqiKEbDP8/Q1A44c",
      "type": "string",
      "sensitive": true
    }
  },
  "resources": [
    {
      "mode": "data",
      "type": "confluent_schema",
      "name": "player-health",
      "provider": "provider[\"registry.terraform.io/confluentinc/confluent\"]",
      "instances": [
        {
          "schema_version": 0,
          "attributes": {
            "credentials": [
              {
                "key": "BJKQ6LZWEFW3OGIT",
                "secret": "CYqjlVhoOd+KgIpFxH5I5dlS5d4MsUViMaF1p4k53k9Y4vr/jePZF1Nic/QndmGc"
              }
            ],
            "format": "AVRO",
            "hard_delete": false,
            "id": "lsrc-dg3v27/player-health/100001",
            "recreate_on_update": true,
            "rest_endpoint": "https://psrc-l7y22.us-east-2.aws.confluent.cloud",
            "schema": "{\"type\":\"record\",\"name\":\"PlayerHealth\",\"namespace\":\"io.confluent.developer.avro\",\"fields\":[{\"name\":\"player_id\",\"type\":\"string\"},{\"name\":\"health\",\"type\":\"int\"},{\"name\":\"timestamp\",\"type\":\"long\"}]}",
            "schema_identifier": 100001,
            "schema_reference": [],
            "schema_registry_cluster": [
              {
                "id": "lsrc-dg3v27"
              }
            ],
            "subject_name": "player-health",
            "version": 1
          },
          "sensitive_attributes": [
            [
              {
                "type": "get_attr",
                "value": "credentials"
              },
              {
                "type": "index",
                "value": {
                  "value": 0,
                  "type": "number"
                }
              },
              {
                "type": "get_attr",
                "value": "secret"
              }
            ]
          ]
        }
      ]
    },
    {
      "mode": "data",
      "type": "confluent_schema",
      "name": "player-position",
      "provider": "provider[\"registry.terraform.io/confluentinc/confluent\"]",
      "instances": [
        {
          "schema_version": 0,
          "attributes": {
            "credentials": [
              {
                "key": "BJKQ6LZWEFW3OGIT",
                "secret": "CYqjlVhoOd+KgIpFxH5I5dlS5d4MsUViMaF1p4k53k9Y4vr/jePZF1Nic/QndmGc"
              }
            ],
            "format": "AVRO",
            "hard_delete": false,
            "id": "lsrc-dg3v27/player-position/100002",
            "recreate_on_update": true,
            "rest_endpoint": "https://psrc-l7y22.us-east-2.aws.confluent.cloud",
            "schema": "{\"type\":\"record\",\"name\":\"PlayerPosition\",\"namespace\":\"io.confluent.developer.avro\",\"fields\":[{\"name\":\"player_id\",\"type\":\"string\"},{\"name\":\"x\",\"type\":\"float\"},{\"name\":\"y\",\"type\":\"float\"}]}",
            "schema_identifier": 100002,
            "schema_reference": [],
            "schema_registry_cluster": [
              {
                "id": "lsrc-dg3v27"
              }
            ],
            "subject_name": "player-position",
            "version": 1
          },
          "sensitive_attributes": [
            [
              {
                "type": "get_attr",
                "value": "credentials"
              },
              {
                "type": "index",
                "value": {
                  "value": 0,
                  "type": "number"
                }
              },
              {
                "type": "get_attr",
                "value": "secret"
              }
            ]
          ]
        }
      ]
    },
    {
      "mode": "data",
      "type": "confluent_schema_registry_region",
      "name": "essentials",
      "provider": "provider[\"registry.terraform.io/confluentinc/confluent\"]",
      "instances": [
        {
          "schema_version": 0,
          "attributes": {
            "cloud": "AWS",
            "id": "sgreg-1",
            "package": "ESSENTIALS",
            "region": "us-east-2"
          },
          "sensitive_attributes": []
        }
      ]
    },
    {
      "mode": "managed",
      "type": "confluent_api_key",
      "name": "env-manager-schema-registry-api-key",
      "provider": "provider[\"registry.terraform.io/confluentinc/confluent\"]",
      "instances": [
        {
          "schema_version": 0,
          "attributes": {
            "description": "Schema Registry API Key that is owned by 'env-manager' service account",
            "disable_wait_for_ready": false,
            "display_name": "env-manager-schema-registry-api-key",
            "id": "BJKQ6LZWEFW3OGIT",
            "managed_resource": [
              {
                "api_version": "srcm/v2",
                "environment": [
                  {
                    "id": "env-3rxopm"
                  }
                ],
                "id": "lsrc-dg3v27",
                "kind": "Cluster"
              }
            ],
            "owner": [
              {
                "api_version": "iam/v2",
                "id": "sa-8yomm0",
                "kind": "ServiceAccount"
              }
            ],
            "secret": "CYqjlVhoOd+KgIpFxH5I5dlS5d4MsUViMaF1p4k53k9Y4vr/jePZF1Nic/QndmGc"
          },
          "sensitive_attributes": [],
          "private": "bnVsbA==",
          "dependencies": [
            "confluent_environment.development",
            "confluent_role_binding.env-manager-environment-admin",
            "confluent_schema_registry_cluster.essentials",
            "confluent_service_account.env-manager",
            "data.confluent_schema_registry_region.essentials"
          ]
        }
      ]
    },
    {
      "mode": "managed",
      "type": "confluent_api_key",
      "name": "tf_cluster_admin_apikey",
      "provider": "provider[\"registry.terraform.io/confluentinc/confluent\"]",
      "instances": [
        {
          "schema_version": 0,
          "attributes": {
            "description": "Kafka API Key that is owned by 'tf_cluster_admin' service account",
            "disable_wait_for_ready": false,
            "display_name": "tf_cluster_admin_apikey",
            "id": "P7YABYMXUIBEFIYH",
            "managed_resource": [
              {
                "api_version": "cmk/v2",
                "environment": [
                  {
                    "id": "env-3rxopm"
                  }
                ],
                "id": "lkc-6o1wjj",
                "kind": "Cluster"
              }
            ],
            "owner": [
              {
                "api_version": "iam/v2",
                "id": "sa-mpxkk1",
                "kind": "ServiceAccount"
              }
            ],
            "secret": "Mo8jWtUBPHqzg/lWbLj2k54xPulLy8m09SX2FWowcGm355jTNqiKEbDP8/Q1A44c"
          },
          "sensitive_attributes": [],
          "private": "bnVsbA==",
          "dependencies": [
            "confluent_environment.development",
            "confluent_kafka_cluster.basic",
            "confluent_service_account.tf_cluster_admin"
          ]
        }
      ]
    },
    {
      "mode": "managed",
      "type": "confluent_environment",
      "name": "development",
      "provider": "provider[\"registry.terraform.io/confluentinc/confluent\"]",
      "instances": [
        {
          "schema_version": 0,
          "attributes": {
            "display_name": "Development",
            "id": "env-3rxopm",
            "resource_name": "crn://confluent.cloud/organization=8d625fe8-8fcc-43c3-9e8f-4a6ad2a458c3/environment=env-3rxopm"
          },
          "sensitive_attributes": [],
          "private": "bnVsbA=="
        }
      ]
    },
    {
      "mode": "managed",
      "type": "confluent_kafka_cluster",
      "name": "basic",
      "provider": "provider[\"registry.terraform.io/confluentinc/confluent\"]",
      "instances": [
        {
          "schema_version": 1,
          "attributes": {
            "api_version": "cmk/v2",
            "availability": "SINGLE_ZONE",
            "basic": [
              {}
            ],
            "bootstrap_endpoint": "SASL_SSL://pkc-921jm.us-east-2.aws.confluent.cloud:9092",
            "byok_key": [
              {
                "id": ""
              }
            ],
            "cloud": "AWS",
            "dedicated": [],
            "display_name": "Gaming Platform Unlocked",
            "environment": [
              {
                "id": "env-3rxopm"
              }
            ],
            "id": "lkc-6o1wjj",
            "kind": "Cluster",
            "network": [
              {
                "id": ""
              }
            ],
            "rbac_crn": "crn://confluent.cloud/organization=8d625fe8-8fcc-43c3-9e8f-4a6ad2a458c3/environment=env-3rxopm/cloud-cluster=lkc-6o1wjj",
            "region": "us-east-2",
            "rest_endpoint": "https://pkc-921jm.us-east-2.aws.confluent.cloud:443",
            "standard": [],
            "timeouts": null
          },
          "sensitive_attributes": [],
          "private": "eyJlMmJmYjczMC1lY2FhLTExZTYtOGY4OC0zNDM2M2JjN2M0YzAiOnsiY3JlYXRlIjoyNTkyMDAwMDAwMDAwMDAsInVwZGF0ZSI6MjU5MjAwMDAwMDAwMDAwfSwic2NoZW1hX3ZlcnNpb24iOiIxIn0=",
          "dependencies": [
            "confluent_environment.development"
          ]
        }
      ]
    },
    {
      "mode": "managed",
      "type": "confluent_kafka_topic",
      "name": "game-events",
      "provider": "provider[\"registry.terraform.io/confluentinc/confluent\"]",
      "instances": [
        {
          "schema_version": 2,
          "attributes": {
            "config": {},
            "credentials": [
              {
                "key": "P7YABYMXUIBEFIYH",
                "secret": "Mo8jWtUBPHqzg/lWbLj2k54xPulLy8m09SX2FWowcGm355jTNqiKEbDP8/Q1A44c"
              }
            ],
            "id": "lkc-6o1wjj/game-events",
            "kafka_cluster": [
              {
                "id": "lkc-6o1wjj"
              }
            ],
            "partitions_count": 6,
            "rest_endpoint": "https://pkc-921jm.us-east-2.aws.confluent.cloud:443",
            "topic_name": "game-events"
          },
          "sensitive_attributes": [
            [
              {
                "type": "get_attr",
                "value": "credentials"
              },
              {
                "type": "index",
                "value": {
                  "value": 0,
                  "type": "number"
                }
              },
              {
                "type": "get_attr",
                "value": "secret"
              }
            ]
          ],
          "private": "eyJzY2hlbWFfdmVyc2lvbiI6IjIifQ==",
          "dependencies": [
            "confluent_api_key.tf_cluster_admin_apikey",
            "confluent_environment.development",
            "confluent_kafka_cluster.basic",
            "confluent_service_account.tf_cluster_admin"
          ]
        }
      ]
    },
    {
      "mode": "managed",
      "type": "confluent_ksql_cluster",
      "name": "ksql_cluster_1",
      "provider": "provider[\"registry.terraform.io/confluentinc/confluent\"]",
      "instances": [
        {
          "schema_version": 0,
          "attributes": {
            "api_version": "ksqldbcm/v2",
            "credential_identity": [
              {
                "id": "sa-mpxkk1"
              }
            ],
            "csu": 4,
            "display_name": "ksql_cluster_1",
            "environment": [
              {
                "id": "env-3rxopm"
              }
            ],
            "id": "lksqlc-pk39y5",
            "kafka_cluster": [
              {
                "id": "lkc-6o1wjj"
              }
            ],
            "kind": "Cluster",
            "resource_name": "crn://confluent.cloud/organization=8d625fe8-8fcc-43c3-9e8f-4a6ad2a458c3/environment=env-3rxopm/cloud-cluster=lkc-6o1wjj/ksql=ksql_cluster_1",
            "rest_endpoint": "https://pksqlc-k7jom.us-east-2.aws.confluent.cloud:443",
            "storage": 500,
            "timeouts": null,
            "topic_prefix": "pksqlc-k7jom",
            "use_detailed_processing_log": true
          },
          "sensitive_attributes": [],
          "private": "eyJlMmJmYjczMC1lY2FhLTExZTYtOGY4OC0zNDM2M2JjN2M0YzAiOnsiY3JlYXRlIjo0MzIwMDAwMDAwMDAwMH19",
          "dependencies": [
            "confluent_environment.development",
            "confluent_kafka_cluster.basic",
            "confluent_service_account.tf_cluster_admin"
          ]
        }
      ]
    },
    {
      "mode": "managed",
      "type": "confluent_role_binding",
      "name": "env-manager-environment-admin",
      "provider": "provider[\"registry.terraform.io/confluentinc/confluent\"]",
      "instances": [
        {
          "schema_version": 0,
          "attributes": {
            "crn_pattern": "crn://confluent.cloud/organization=8d625fe8-8fcc-43c3-9e8f-4a6ad2a458c3/environment=env-3rxopm",
            "id": "rb-ZgZPb",
            "principal": "User:sa-8yomm0",
            "role_name": "EnvironmentAdmin"
          },
          "sensitive_attributes": [],
          "private": "bnVsbA==",
          "dependencies": [
            "confluent_environment.development",
            "confluent_service_account.env-manager"
          ]
        }
      ]
    },
    {
      "mode": "managed",
      "type": "confluent_role_binding",
      "name": "tf_cluster_admin-kafka-cluster-admin",
      "provider": "provider[\"registry.terraform.io/confluentinc/confluent\"]",
      "instances": [
        {
          "schema_version": 0,
          "attributes": {
            "crn_pattern": "crn://confluent.cloud/organization=8d625fe8-8fcc-43c3-9e8f-4a6ad2a458c3/environment=env-3rxopm/cloud-cluster=lkc-6o1wjj",
            "id": "rb-NrlWO",
            "principal": "User:sa-mpxkk1",
            "role_name": "CloudClusterAdmin"
          },
          "sensitive_attributes": [],
          "private": "bnVsbA==",
          "dependencies": [
            "confluent_environment.development",
            "confluent_kafka_cluster.basic",
            "confluent_service_account.tf_cluster_admin"
          ]
        }
      ]
    },
    {
      "mode": "managed",
      "type": "confluent_schema",
      "name": "game-events",
      "provider": "provider[\"registry.terraform.io/confluentinc/confluent\"]",
      "instances": [
        {
          "schema_version": 0,
          "attributes": {
            "credentials": [
              {
                "key": "BJKQ6LZWEFW3OGIT",
                "secret": "CYqjlVhoOd+KgIpFxH5I5dlS5d4MsUViMaF1p4k53k9Y4vr/jePZF1Nic/QndmGc"
              }
            ],
            "format": "AVRO",
            "hard_delete": false,
            "id": "lsrc-dg3v27/game-events-value/latest",
            "recreate_on_update": false,
            "rest_endpoint": "https://psrc-l7y22.us-east-2.aws.confluent.cloud",
            "schema": "[\n    \"io.confluent.developer.avro.PlayerHealth\",\n    \"io.confluent.developer.avro.PlayerPosition\"\n]",
            "schema_identifier": 100003,
            "schema_reference": [
              {
                "name": "PlayerHealth",
                "subject_name": "player-health",
                "version": 1
              },
              {
                "name": "PlayerPosition",
                "subject_name": "player-position",
                "version": 1
              }
            ],
            "schema_registry_cluster": [
              {
                "id": "lsrc-dg3v27"
              }
            ],
            "subject_name": "game-events-value",
            "version": 1
          },
          "sensitive_attributes": [
            [
              {
                "type": "get_attr",
                "value": "credentials"
              },
              {
                "type": "index",
                "value": {
                  "value": 0,
                  "type": "number"
                }
              },
              {
                "type": "get_attr",
                "value": "secret"
              }
            ]
          ],
          "private": "bnVsbA==",
          "dependencies": [
            "confluent_api_key.env-manager-schema-registry-api-key",
            "confluent_api_key.tf_cluster_admin_apikey",
            "confluent_environment.development",
            "confluent_kafka_cluster.basic",
            "confluent_kafka_topic.game-events",
            "confluent_role_binding.env-manager-environment-admin",
            "confluent_schema.player-health",
            "confluent_schema.player-position",
            "confluent_schema_registry_cluster.essentials",
            "confluent_service_account.env-manager",
            "confluent_service_account.tf_cluster_admin",
            "data.confluent_schema.player-health",
            "data.confluent_schema.player-position",
            "data.confluent_schema_registry_region.essentials"
          ]
        }
      ]
    },
    {
      "mode": "managed",
      "type": "confluent_schema",
      "name": "player-health",
      "provider": "provider[\"registry.terraform.io/confluentinc/confluent\"]",
      "instances": [
        {
          "schema_version": 0,
          "attributes": {
            "credentials": [
              {
                "key": "BJKQ6LZWEFW3OGIT",
                "secret": "CYqjlVhoOd+KgIpFxH5I5dlS5d4MsUViMaF1p4k53k9Y4vr/jePZF1Nic/QndmGc"
              }
            ],
            "format": "AVRO",
            "hard_delete": false,
            "id": "lsrc-dg3v27/player-health/latest",
            "recreate_on_update": false,
            "rest_endpoint": "https://psrc-l7y22.us-east-2.aws.confluent.cloud",
            "schema": "{\n    \"type\": \"record\",\n    \"namespace\": \"io.confluent.developer.avro\",\n    \"name\": \"PlayerHealth\",\n    \"fields\": [\n        {\n            \"name\": \"player_id\",\n            \"type\": \"string\"\n        },\n        {\n            \"name\": \"health\",\n            \"type\": \"int\"\n        },\n        {\n            \"name\": \"timestamp\",\n            \"type\": \"long\"\n        }\n    ]\n}",
            "schema_identifier": 100001,
            "schema_reference": [],
            "schema_registry_cluster": [
              {
                "id": "lsrc-dg3v27"
              }
            ],
            "subject_name": "player-health",
            "version": 1
          },
          "sensitive_attributes": [
            [
              {
                "type": "get_attr",
                "value": "credentials"
              },
              {
                "type": "index",
                "value": {
                  "value": 0,
                  "type": "number"
                }
              },
              {
                "type": "get_attr",
                "value": "secret"
              }
            ]
          ],
          "private": "bnVsbA==",
          "dependencies": [
            "confluent_api_key.env-manager-schema-registry-api-key",
            "confluent_environment.development",
            "confluent_role_binding.env-manager-environment-admin",
            "confluent_schema_registry_cluster.essentials",
            "confluent_service_account.env-manager",
            "data.confluent_schema_registry_region.essentials"
          ]
        }
      ]
    },
    {
      "mode": "managed",
      "type": "confluent_schema",
      "name": "player-position",
      "provider": "provider[\"registry.terraform.io/confluentinc/confluent\"]",
      "instances": [
        {
          "schema_version": 0,
          "attributes": {
            "credentials": [
              {
                "key": "BJKQ6LZWEFW3OGIT",
                "secret": "CYqjlVhoOd+KgIpFxH5I5dlS5d4MsUViMaF1p4k53k9Y4vr/jePZF1Nic/QndmGc"
              }
            ],
            "format": "AVRO",
            "hard_delete": false,
            "id": "lsrc-dg3v27/player-position/latest",
            "recreate_on_update": false,
            "rest_endpoint": "https://psrc-l7y22.us-east-2.aws.confluent.cloud",
            "schema": "{\n    \"type\": \"record\",\n    \"namespace\": \"io.confluent.developer.avro\",\n    \"name\": \"PlayerPosition\",\n    \"fields\": [\n        {\n            \"name\": \"player_id\",\n            \"type\": \"string\"\n        },\n        {\n            \"name\": \"x\",\n            \"type\": \"float\"\n        },\n        {\n            \"name\": \"y\",\n            \"type\": \"float\"\n        }\n    ]\n}",
            "schema_identifier": 100002,
            "schema_reference": [],
            "schema_registry_cluster": [
              {
                "id": "lsrc-dg3v27"
              }
            ],
            "subject_name": "player-position",
            "version": 1
          },
          "sensitive_attributes": [
            [
              {
                "type": "get_attr",
                "value": "credentials"
              },
              {
                "type": "index",
                "value": {
                  "value": 0,
                  "type": "number"
                }
              },
              {
                "type": "get_attr",
                "value": "secret"
              }
            ]
          ],
          "private": "bnVsbA==",
          "dependencies": [
            "confluent_api_key.env-manager-schema-registry-api-key",
            "confluent_environment.development",
            "confluent_role_binding.env-manager-environment-admin",
            "confluent_schema_registry_cluster.essentials",
            "confluent_service_account.env-manager",
            "data.confluent_schema_registry_region.essentials"
          ]
        }
      ]
    },
    {
      "mode": "managed",
      "type": "confluent_schema_registry_cluster",
      "name": "essentials",
      "provider": "provider[\"registry.terraform.io/confluentinc/confluent\"]",
      "instances": [
        {
          "schema_version": 0,
          "attributes": {
            "api_version": "srcm/v2",
            "display_name": "Stream Governance Package",
            "environment": [
              {
                "id": "env-3rxopm"
              }
            ],
            "id": "lsrc-dg3v27",
            "kind": "Cluster",
            "package": "ESSENTIALS",
            "region": [
              {
                "id": "sgreg-1"
              }
            ],
            "resource_name": "crn://confluent.cloud/organization=8d625fe8-8fcc-43c3-9e8f-4a6ad2a458c3/environment=env-3rxopm/schema-registry=lsrc-dg3v27",
            "rest_endpoint": "https://psrc-l7y22.us-east-2.aws.confluent.cloud"
          },
          "sensitive_attributes": [],
          "private": "bnVsbA==",
          "dependencies": [
            "confluent_environment.development",
            "data.confluent_schema_registry_region.essentials"
          ]
        }
      ]
    },
    {
      "mode": "managed",
      "type": "confluent_service_account",
      "name": "env-manager",
      "provider": "provider[\"registry.terraform.io/confluentinc/confluent\"]",
      "instances": [
        {
          "schema_version": 0,
          "attributes": {
            "api_version": "iam/v2",
            "description": "Service account to manage 'Staging' environment",
            "display_name": "env-manager",
            "id": "sa-8yomm0",
            "kind": "ServiceAccount"
          },
          "sensitive_attributes": [],
          "private": "bnVsbA=="
        }
      ]
    },
    {
      "mode": "managed",
      "type": "confluent_service_account",
      "name": "tf_cluster_admin",
      "provider": "provider[\"registry.terraform.io/confluentinc/confluent\"]",
      "instances": [
        {
          "schema_version": 0,
          "attributes": {
            "api_version": "iam/v2",
            "description": "terraform cluster admin service account",
            "display_name": "tf_cluster_admin",
            "id": "sa-mpxkk1",
            "kind": "ServiceAccount"
          },
          "sensitive_attributes": [],
          "private": "bnVsbA=="
        }
      ]
    }
  ],
  "check_results": null
}
