{
  "version": 4,
  "terraform_version": "1.5.4",
  "serial": 25,
  "lineage": "6e63f41b-ae05-d0c1-d92f-e4b5dd70edfc",
  "outputs": {
    "bootstrap_servers": {
      "value": "SASL_SSL://pkc-l7pr2.ap-south-1.aws.confluent.cloud:9092",
      "type": "string"
    },
    "client_api_key": {
      "value": "XYJNDXV246FT3GVP",
      "type": "string"
    },
    "client_api_secret": {
      "value": "UUrCuLV99EcEKc+E/QkcjqDJv4ze9qK6DDQSQHWngyt212vsmMLLx1QeSdPiM9jk",
      "type": "string",
      "sensitive": true
    },
    "env_api_key": {
      "value": "PKSWWQHYWI22SKEN",
      "type": "string"
    },
    "env_api_secret": {
      "value": "dvSFRHfCE3Xwt7nOGkxowt+nuyf0kD6KApKDKn7BZfK4yw2gerAdGURQPO6OOCPt",
      "type": "string",
      "sensitive": true
    },
    "schema_registry_url": {
      "value": "https://psrc-gk071.us-east-2.aws.confluent.cloud",
      "type": "string"
    }
  },
  "resources": [
    {
      "mode": "data",
      "type": "confluent_schema",
      "name": "player-health",
      "provider": "provider[\"registry.terraform.io/confluentinc/confluent\"]",
      "instances": [
        {
          "schema_version": 0,
          "attributes": {
            "credentials": [
              {
                "key": "PKSWWQHYWI22SKEN",
                "secret": "dvSFRHfCE3Xwt7nOGkxowt+nuyf0kD6KApKDKn7BZfK4yw2gerAdGURQPO6OOCPt"
              }
            ],
            "format": "AVRO",
            "hard_delete": false,
            "id": "lsrc-kg9p7g/player-health/100002",
            "recreate_on_update": true,
            "rest_endpoint": "https://psrc-gk071.us-east-2.aws.confluent.cloud",
            "schema": "{\"type\":\"record\",\"name\":\"PlayerHealth\",\"namespace\":\"io.confluent.developer.avro\",\"fields\":[{\"name\":\"player_id\",\"type\":\"string\"},{\"name\":\"health\",\"type\":\"int\"},{\"name\":\"timestamp\",\"type\":\"long\"}]}",
            "schema_identifier": 100002,
            "schema_reference": [],
            "schema_registry_cluster": [
              {
                "id": "lsrc-kg9p7g"
              }
            ],
            "subject_name": "player-health",
            "version": 1
          },
          "sensitive_attributes": [
            [
              {
                "type": "get_attr",
                "value": "credentials"
              },
              {
                "type": "index",
                "value": {
                  "value": 0,
                  "type": "number"
                }
              },
              {
                "type": "get_attr",
                "value": "secret"
              }
            ]
          ]
        }
      ]
    },
    {
      "mode": "data",
      "type": "confluent_schema",
      "name": "player-position",
      "provider": "provider[\"registry.terraform.io/confluentinc/confluent\"]",
      "instances": [
        {
          "schema_version": 0,
          "attributes": {
            "credentials": [
              {
                "key": "PKSWWQHYWI22SKEN",
                "secret": "dvSFRHfCE3Xwt7nOGkxowt+nuyf0kD6KApKDKn7BZfK4yw2gerAdGURQPO6OOCPt"
              }
            ],
            "format": "AVRO",
            "hard_delete": false,
            "id": "lsrc-kg9p7g/player-position/100001",
            "recreate_on_update": true,
            "rest_endpoint": "https://psrc-gk071.us-east-2.aws.confluent.cloud",
            "schema": "{\"type\":\"record\",\"name\":\"PlayerPosition\",\"namespace\":\"io.confluent.developer.avro\",\"fields\":[{\"name\":\"player_id\",\"type\":\"string\"},{\"name\":\"x\",\"type\":\"float\"},{\"name\":\"y\",\"type\":\"float\"}]}",
            "schema_identifier": 100001,
            "schema_reference": [],
            "schema_registry_cluster": [
              {
                "id": "lsrc-kg9p7g"
              }
            ],
            "subject_name": "player-position",
            "version": 1
          },
          "sensitive_attributes": [
            [
              {
                "type": "get_attr",
                "value": "credentials"
              },
              {
                "type": "index",
                "value": {
                  "value": 0,
                  "type": "number"
                }
              },
              {
                "type": "get_attr",
                "value": "secret"
              }
            ]
          ]
        }
      ]
    },
    {
      "mode": "data",
      "type": "confluent_schema_registry_region",
      "name": "essentials",
      "provider": "provider[\"registry.terraform.io/confluentinc/confluent\"]",
      "instances": [
        {
          "schema_version": 0,
          "attributes": {
            "cloud": "AWS",
            "id": "sgreg-1",
            "package": "ESSENTIALS",
            "region": "us-east-2"
          },
          "sensitive_attributes": []
        }
      ]
    },
    {
      "mode": "managed",
      "type": "confluent_api_key",
      "name": "env-manager-schema-registry-api-key",
      "provider": "provider[\"registry.terraform.io/confluentinc/confluent\"]",
      "instances": [
        {
          "schema_version": 0,
          "attributes": {
            "description": "Schema Registry API Key that is owned by 'env-manager' service account",
            "disable_wait_for_ready": false,
            "display_name": "env-manager-schema-registry-api-key",
            "id": "PKSWWQHYWI22SKEN",
            "managed_resource": [
              {
                "api_version": "srcm/v2",
                "environment": [
                  {
                    "id": "env-9w7mr7"
                  }
                ],
                "id": "lsrc-kg9p7g",
                "kind": "Cluster"
              }
            ],
            "owner": [
              {
                "api_version": "iam/v2",
                "id": "sa-vy779z",
                "kind": "ServiceAccount"
              }
            ],
            "secret": "dvSFRHfCE3Xwt7nOGkxowt+nuyf0kD6KApKDKn7BZfK4yw2gerAdGURQPO6OOCPt"
          },
          "sensitive_attributes": [],
          "private": "bnVsbA==",
          "dependencies": [
            "confluent_environment.development",
            "confluent_role_binding.env-manager-environment-admin",
            "confluent_schema_registry_cluster.essentials",
            "confluent_service_account.env-manager",
            "data.confluent_schema_registry_region.essentials"
          ]
        }
      ]
    },
    {
      "mode": "managed",
      "type": "confluent_api_key",
      "name": "tf_cluster_admin_apikey",
      "provider": "provider[\"registry.terraform.io/confluentinc/confluent\"]",
      "instances": [
        {
          "schema_version": 0,
          "attributes": {
            "description": "Kafka API Key that is owned by 'tf_cluster_admin' service account",
            "disable_wait_for_ready": false,
            "display_name": "tf_cluster_admin_apikey",
            "id": "XYJNDXV246FT3GVP",
            "managed_resource": [
              {
                "api_version": "cmk/v2",
                "environment": [
                  {
                    "id": "env-9w7mr7"
                  }
                ],
                "id": "lkc-5mk02q",
                "kind": "Cluster"
              }
            ],
            "owner": [
              {
                "api_version": "iam/v2",
                "id": "sa-xyqq0z",
                "kind": "ServiceAccount"
              }
            ],
            "secret": "UUrCuLV99EcEKc+E/QkcjqDJv4ze9qK6DDQSQHWngyt212vsmMLLx1QeSdPiM9jk"
          },
          "sensitive_attributes": [],
          "private": "bnVsbA==",
          "dependencies": [
            "confluent_environment.development",
            "confluent_kafka_cluster.basic",
            "confluent_service_account.tf_cluster_admin"
          ]
        }
      ]
    },
    {
      "mode": "managed",
      "type": "confluent_environment",
      "name": "development",
      "provider": "provider[\"registry.terraform.io/confluentinc/confluent\"]",
      "instances": [
        {
          "schema_version": 0,
          "attributes": {
            "display_name": "GithubRepo",
            "id": "env-9w7mr7",
            "resource_name": "crn://confluent.cloud/organization=f03e22a5-159e-457e-bb3b-aef3843636e0/environment=env-9w7mr7"
          },
          "sensitive_attributes": [],
          "private": "bnVsbA=="
        }
      ]
    },
    {
      "mode": "managed",
      "type": "confluent_kafka_cluster",
      "name": "basic",
      "provider": "provider[\"registry.terraform.io/confluentinc/confluent\"]",
      "instances": [
        {
          "schema_version": 1,
          "attributes": {
            "api_version": "cmk/v2",
            "availability": "SINGLE_ZONE",
            "basic": [
              {}
            ],
            "bootstrap_endpoint": "SASL_SSL://pkc-l7pr2.ap-south-1.aws.confluent.cloud:9092",
            "byok_key": [
              {
                "id": ""
              }
            ],
            "cloud": "AWS",
            "dedicated": [],
            "display_name": "Gaming Platform Unlocked",
            "environment": [
              {
                "id": "env-9w7mr7"
              }
            ],
            "id": "lkc-5mk02q",
            "kind": "Cluster",
            "network": [
              {
                "id": ""
              }
            ],
            "rbac_crn": "crn://confluent.cloud/organization=f03e22a5-159e-457e-bb3b-aef3843636e0/environment=env-9w7mr7/cloud-cluster=lkc-5mk02q",
            "region": "ap-south-1",
            "rest_endpoint": "https://pkc-l7pr2.ap-south-1.aws.confluent.cloud:443",
            "standard": [],
            "timeouts": null
          },
          "sensitive_attributes": [],
          "private": "eyJlMmJmYjczMC1lY2FhLTExZTYtOGY4OC0zNDM2M2JjN2M0YzAiOnsiY3JlYXRlIjoyNTkyMDAwMDAwMDAwMDAsInVwZGF0ZSI6MjU5MjAwMDAwMDAwMDAwfSwic2NoZW1hX3ZlcnNpb24iOiIxIn0=",
          "dependencies": [
            "confluent_environment.development"
          ]
        }
      ]
    },
    {
      "mode": "managed",
      "type": "confluent_kafka_topic",
      "name": "game-events",
      "provider": "provider[\"registry.terraform.io/confluentinc/confluent\"]",
      "instances": [
        {
          "schema_version": 2,
          "attributes": {
            "config": {},
            "credentials": [
              {
                "key": "XYJNDXV246FT3GVP",
                "secret": "UUrCuLV99EcEKc+E/QkcjqDJv4ze9qK6DDQSQHWngyt212vsmMLLx1QeSdPiM9jk"
              }
            ],
            "id": "lkc-5mk02q/game-events",
            "kafka_cluster": [
              {
                "id": "lkc-5mk02q"
              }
            ],
            "partitions_count": 6,
            "rest_endpoint": "https://pkc-l7pr2.ap-south-1.aws.confluent.cloud:443",
            "topic_name": "game-events"
          },
          "sensitive_attributes": [
            [
              {
                "type": "get_attr",
                "value": "credentials"
              },
              {
                "type": "index",
                "value": {
                  "value": 0,
                  "type": "number"
                }
              },
              {
                "type": "get_attr",
                "value": "secret"
              }
            ]
          ],
          "private": "eyJzY2hlbWFfdmVyc2lvbiI6IjIifQ==",
          "dependencies": [
            "confluent_api_key.tf_cluster_admin_apikey",
            "confluent_environment.development",
            "confluent_kafka_cluster.basic",
            "confluent_service_account.tf_cluster_admin"
          ]
        }
      ]
    },
    {
      "mode": "managed",
      "type": "confluent_kafka_topic",
      "name": "logs",
      "provider": "provider[\"registry.terraform.io/confluentinc/confluent\"]",
      "instances": [
        {
          "schema_version": 2,
          "attributes": {
            "config": {},
            "credentials": [
              {
                "key": "XYJNDXV246FT3GVP",
                "secret": "UUrCuLV99EcEKc+E/QkcjqDJv4ze9qK6DDQSQHWngyt212vsmMLLx1QeSdPiM9jk"
              }
            ],
            "id": "lkc-5mk02q/logs",
            "kafka_cluster": [
              {
                "id": "lkc-5mk02q"
              }
            ],
            "partitions_count": 1,
            "rest_endpoint": "https://pkc-l7pr2.ap-south-1.aws.confluent.cloud:443",
            "topic_name": "logs"
          },
          "sensitive_attributes": [
            [
              {
                "type": "get_attr",
                "value": "credentials"
              },
              {
                "type": "index",
                "value": {
                  "value": 0,
                  "type": "number"
                }
              },
              {
                "type": "get_attr",
                "value": "secret"
              }
            ]
          ],
          "private": "eyJzY2hlbWFfdmVyc2lvbiI6IjIifQ==",
          "dependencies": [
            "confluent_api_key.tf_cluster_admin_apikey",
            "confluent_environment.development",
            "confluent_kafka_cluster.basic",
            "confluent_service_account.tf_cluster_admin"
          ]
        }
      ]
    },
    {
      "mode": "managed",
      "type": "confluent_ksql_cluster",
      "name": "ksql_cluster_1",
      "provider": "provider[\"registry.terraform.io/confluentinc/confluent\"]",
      "instances": [
        {
          "schema_version": 0,
          "attributes": {
            "api_version": "ksqldbcm/v2",
            "credential_identity": [
              {
                "id": "sa-xyqq0z"
              }
            ],
            "csu": 4,
            "display_name": "ksql_cluster_1",
            "environment": [
              {
                "id": "env-9w7mr7"
              }
            ],
            "id": "lksqlc-6o5m08",
            "kafka_cluster": [
              {
                "id": "lkc-5mk02q"
              }
            ],
            "kind": "Cluster",
            "resource_name": "crn://confluent.cloud/organization=f03e22a5-159e-457e-bb3b-aef3843636e0/environment=env-9w7mr7/cloud-cluster=lkc-5mk02q/ksql=ksql_cluster_1",
            "rest_endpoint": "https://pksqlc-q35vp.ap-south-1.aws.confluent.cloud:443",
            "storage": 500,
            "timeouts": null,
            "topic_prefix": "pksqlc-q35vp",
            "use_detailed_processing_log": true
          },
          "sensitive_attributes": [],
          "private": "eyJlMmJmYjczMC1lY2FhLTExZTYtOGY4OC0zNDM2M2JjN2M0YzAiOnsiY3JlYXRlIjo0MzIwMDAwMDAwMDAwMH19",
          "dependencies": [
            "confluent_environment.development",
            "confluent_kafka_cluster.basic",
            "confluent_service_account.tf_cluster_admin"
          ]
        }
      ]
    },
    {
      "mode": "managed",
      "type": "confluent_role_binding",
      "name": "env-manager-environment-admin",
      "provider": "provider[\"registry.terraform.io/confluentinc/confluent\"]",
      "instances": [
        {
          "schema_version": 0,
          "attributes": {
            "crn_pattern": "crn://confluent.cloud/organization=f03e22a5-159e-457e-bb3b-aef3843636e0/environment=env-9w7mr7",
            "id": "rb-z45ZX",
            "principal": "User:sa-vy779z",
            "role_name": "EnvironmentAdmin"
          },
          "sensitive_attributes": [],
          "private": "bnVsbA==",
          "dependencies": [
            "confluent_environment.development",
            "confluent_service_account.env-manager"
          ]
        }
      ]
    },
    {
      "mode": "managed",
      "type": "confluent_role_binding",
      "name": "tf_cluster_admin-kafka-cluster-admin",
      "provider": "provider[\"registry.terraform.io/confluentinc/confluent\"]",
      "instances": [
        {
          "schema_version": 0,
          "attributes": {
            "crn_pattern": "crn://confluent.cloud/organization=f03e22a5-159e-457e-bb3b-aef3843636e0/environment=env-9w7mr7/cloud-cluster=lkc-5mk02q",
            "id": "rb-9rY6Y",
            "principal": "User:sa-xyqq0z",
            "role_name": "CloudClusterAdmin"
          },
          "sensitive_attributes": [],
          "private": "bnVsbA==",
          "dependencies": [
            "confluent_environment.development",
            "confluent_kafka_cluster.basic",
            "confluent_service_account.tf_cluster_admin"
          ]
        }
      ]
    },
    {
      "mode": "managed",
      "type": "confluent_schema",
      "name": "game-events",
      "provider": "provider[\"registry.terraform.io/confluentinc/confluent\"]",
      "instances": [
        {
          "schema_version": 0,
          "attributes": {
            "credentials": [
              {
                "key": "PKSWWQHYWI22SKEN",
                "secret": "dvSFRHfCE3Xwt7nOGkxowt+nuyf0kD6KApKDKn7BZfK4yw2gerAdGURQPO6OOCPt"
              }
            ],
            "format": "AVRO",
            "hard_delete": false,
            "id": "lsrc-kg9p7g/game-events-value/latest",
            "recreate_on_update": false,
            "rest_endpoint": "https://psrc-gk071.us-east-2.aws.confluent.cloud",
            "schema": "[\n    \"io.confluent.developer.avro.PlayerHealth\",\n    \"io.confluent.developer.avro.PlayerPosition\"\n]",
            "schema_identifier": 100003,
            "schema_reference": [
              {
                "name": "PlayerHealth",
                "subject_name": "player-health",
                "version": 1
              },
              {
                "name": "PlayerPosition",
                "subject_name": "player-position",
                "version": 1
              }
            ],
            "schema_registry_cluster": [
              {
                "id": "lsrc-kg9p7g"
              }
            ],
            "subject_name": "game-events-value",
            "version": 1
          },
          "sensitive_attributes": [
            [
              {
                "type": "get_attr",
                "value": "credentials"
              },
              {
                "type": "index",
                "value": {
                  "value": 0,
                  "type": "number"
                }
              },
              {
                "type": "get_attr",
                "value": "secret"
              }
            ]
          ],
          "private": "bnVsbA==",
          "dependencies": [
            "confluent_api_key.env-manager-schema-registry-api-key",
            "confluent_api_key.tf_cluster_admin_apikey",
            "confluent_environment.development",
            "confluent_kafka_cluster.basic",
            "confluent_kafka_topic.game-events",
            "confluent_role_binding.env-manager-environment-admin",
            "confluent_schema.player-health",
            "confluent_schema.player-position",
            "confluent_schema_registry_cluster.essentials",
            "confluent_service_account.env-manager",
            "confluent_service_account.tf_cluster_admin",
            "data.confluent_schema.player-health",
            "data.confluent_schema.player-position",
            "data.confluent_schema_registry_region.essentials"
          ]
        }
      ]
    },
    {
      "mode": "managed",
      "type": "confluent_schema",
      "name": "player-health",
      "provider": "provider[\"registry.terraform.io/confluentinc/confluent\"]",
      "instances": [
        {
          "schema_version": 0,
          "attributes": {
            "credentials": [
              {
                "key": "PKSWWQHYWI22SKEN",
                "secret": "dvSFRHfCE3Xwt7nOGkxowt+nuyf0kD6KApKDKn7BZfK4yw2gerAdGURQPO6OOCPt"
              }
            ],
            "format": "AVRO",
            "hard_delete": false,
            "id": "lsrc-kg9p7g/player-health/latest",
            "recreate_on_update": false,
            "rest_endpoint": "https://psrc-gk071.us-east-2.aws.confluent.cloud",
            "schema": "{\n    \"type\": \"record\",\n    \"namespace\": \"io.confluent.developer.avro\",\n    \"name\": \"PlayerHealth\",\n    \"fields\": [\n        {\n            \"name\": \"player_id\",\n            \"type\": \"string\"\n        },\n        {\n            \"name\": \"health\",\n            \"type\": \"int\"\n        },\n        {\n            \"name\": \"timestamp\",\n            \"type\": \"long\"\n        }\n    ]\n}",
            "schema_identifier": 100002,
            "schema_reference": [],
            "schema_registry_cluster": [
              {
                "id": "lsrc-kg9p7g"
              }
            ],
            "subject_name": "player-health",
            "version": 1
          },
          "sensitive_attributes": [
            [
              {
                "type": "get_attr",
                "value": "credentials"
              },
              {
                "type": "index",
                "value": {
                  "value": 0,
                  "type": "number"
                }
              },
              {
                "type": "get_attr",
                "value": "secret"
              }
            ]
          ],
          "private": "bnVsbA==",
          "dependencies": [
            "confluent_api_key.env-manager-schema-registry-api-key",
            "confluent_environment.development",
            "confluent_role_binding.env-manager-environment-admin",
            "confluent_schema_registry_cluster.essentials",
            "confluent_service_account.env-manager",
            "data.confluent_schema_registry_region.essentials"
          ]
        }
      ]
    },
    {
      "mode": "managed",
      "type": "confluent_schema",
      "name": "player-position",
      "provider": "provider[\"registry.terraform.io/confluentinc/confluent\"]",
      "instances": [
        {
          "schema_version": 0,
          "attributes": {
            "credentials": [
              {
                "key": "PKSWWQHYWI22SKEN",
                "secret": "dvSFRHfCE3Xwt7nOGkxowt+nuyf0kD6KApKDKn7BZfK4yw2gerAdGURQPO6OOCPt"
              }
            ],
            "format": "AVRO",
            "hard_delete": false,
            "id": "lsrc-kg9p7g/player-position/latest",
            "recreate_on_update": false,
            "rest_endpoint": "https://psrc-gk071.us-east-2.aws.confluent.cloud",
            "schema": "{\n    \"type\": \"record\",\n    \"namespace\": \"io.confluent.developer.avro\",\n    \"name\": \"PlayerPosition\",\n    \"fields\": [\n        {\n            \"name\": \"player_id\",\n            \"type\": \"string\"\n        },\n        {\n            \"name\": \"x\",\n            \"type\": \"float\"\n        },\n        {\n            \"name\": \"y\",\n            \"type\": \"float\"\n        }\n    ]\n}",
            "schema_identifier": 100001,
            "schema_reference": [],
            "schema_registry_cluster": [
              {
                "id": "lsrc-kg9p7g"
              }
            ],
            "subject_name": "player-position",
            "version": 1
          },
          "sensitive_attributes": [
            [
              {
                "type": "get_attr",
                "value": "credentials"
              },
              {
                "type": "index",
                "value": {
                  "value": 0,
                  "type": "number"
                }
              },
              {
                "type": "get_attr",
                "value": "secret"
              }
            ]
          ],
          "private": "bnVsbA==",
          "dependencies": [
            "confluent_api_key.env-manager-schema-registry-api-key",
            "confluent_environment.development",
            "confluent_role_binding.env-manager-environment-admin",
            "confluent_schema_registry_cluster.essentials",
            "confluent_service_account.env-manager",
            "data.confluent_schema_registry_region.essentials"
          ]
        }
      ]
    },
    {
      "mode": "managed",
      "type": "confluent_schema_registry_cluster",
      "name": "essentials",
      "provider": "provider[\"registry.terraform.io/confluentinc/confluent\"]",
      "instances": [
        {
          "schema_version": 0,
          "attributes": {
            "api_version": "srcm/v2",
            "display_name": "Stream Governance Package",
            "environment": [
              {
                "id": "env-9w7mr7"
              }
            ],
            "id": "lsrc-kg9p7g",
            "kind": "Cluster",
            "package": "ESSENTIALS",
            "region": [
              {
                "id": "sgreg-1"
              }
            ],
            "resource_name": "crn://confluent.cloud/organization=f03e22a5-159e-457e-bb3b-aef3843636e0/environment=env-9w7mr7/schema-registry=lsrc-kg9p7g",
            "rest_endpoint": "https://psrc-gk071.us-east-2.aws.confluent.cloud"
          },
          "sensitive_attributes": [],
          "private": "bnVsbA==",
          "dependencies": [
            "confluent_environment.development",
            "data.confluent_schema_registry_region.essentials"
          ]
        }
      ]
    },
    {
      "mode": "managed",
      "type": "confluent_service_account",
      "name": "env-manager",
      "provider": "provider[\"registry.terraform.io/confluentinc/confluent\"]",
      "instances": [
        {
          "schema_version": 0,
          "attributes": {
            "api_version": "iam/v2",
            "description": "Service account to manage 'Staging' environment",
            "display_name": "env-manager",
            "id": "sa-vy779z",
            "kind": "ServiceAccount"
          },
          "sensitive_attributes": [],
          "private": "bnVsbA=="
        }
      ]
    },
    {
      "mode": "managed",
      "type": "confluent_service_account",
      "name": "tf_cluster_admin",
      "provider": "provider[\"registry.terraform.io/confluentinc/confluent\"]",
      "instances": [
        {
          "schema_version": 0,
          "attributes": {
            "api_version": "iam/v2",
            "description": "terraform cluster admin service account",
            "display_name": "tf_cluster_admin",
            "id": "sa-xyqq0z",
            "kind": "ServiceAccount"
          },
          "sensitive_attributes": [],
          "private": "bnVsbA=="
        }
      ]
    },
    {
      "mode": "managed",
      "type": "local_file",
      "name": "with_source_worker_properties",
      "provider": "provider[\"registry.terraform.io/hashicorp/local\"]",
      "instances": [
        {
          "schema_version": 0,
          "attributes": {
            "content": "cluster_bootstrap = pkc-l7pr2.ap-south-1.aws.confluent.cloud:9092\ncluster_api_key = XYJNDXV246FT3GVP\ncluster_api_secret = UUrCuLV99EcEKc+E/QkcjqDJv4ze9qK6DDQSQHWngyt212vsmMLLx1QeSdPiM9jk\n\nschemaregistry_url = https://psrc-gk071.us-east-2.aws.confluent.cloud\nschemaregistry_api_key = PKSWWQHYWI22SKEN\nschemaregistry_api_secret = dvSFRHfCE3Xwt7nOGkxowt+nuyf0kD6KApKDKn7BZfK4yw2gerAdGURQPO6OOCPt\n",
            "content_base64": null,
            "content_base64sha256": "hqoL7dFv5p8OG5JiN4DqQbzFhegUj8TjpgaRKr1FKl0=",
            "content_base64sha512": "+aAEplxi+t+OzwtFfD5dkAWidipGV2c6GYPTsYf6l0w208KiGJUX2/MSMNWXO9w8tKBXhDhu9rGX+L6TXGypvg==",
            "content_md5": "e67561f1b48f9c2676e76550256054d8",
            "content_sha1": "dfd656b816724275e4d55ec9ddf7934bc95534f9",
            "content_sha256": "86aa0bedd16fe69f0e1b92623780ea41bcc585e8148fc4e3a606912abd452a5d",
            "content_sha512": "f9a004a65c62fadf8ecf0b457c3e5d9005a2762a4657673a1983d3b187fa974c36d3c2a2189517dbf31230d5973bdc3cb4a05784386ef6b197f8be935c6ca9be",
            "directory_permission": "0777",
            "file_permission": "0777",
            "filename": "../files/credentials.txt",
            "id": "dfd656b816724275e4d55ec9ddf7934bc95534f9",
            "sensitive_content": null,
            "source": null
          },
          "sensitive_attributes": [
            [
              {
                "type": "get_attr",
                "value": "content"
              }
            ]
          ],
          "dependencies": [
            "confluent_api_key.env-manager-schema-registry-api-key",
            "confluent_api_key.tf_cluster_admin_apikey",
            "confluent_kafka_cluster.basic",
            "confluent_schema_registry_cluster.essentials"
          ]
        }
      ]
    }
  ],
  "check_results": null
}
